
Microsoft Visual Studio Solution File, Format Version 12.00
# Visual Studio 15
VisualStudioVersion = 15.0.27130.0
MinimumVisualStudioVersion = 10.0.40219.1
Project("{9A19103F-16F7-4668-BE54-9A1E7A4F7556}") = "HDL.Parser", "hdlParser\HDL.Parser.csproj", "{FC2A2247-2C15-48DD-82A1-6C1FBFB8EBD2}"
EndProject
Project("{9A19103F-16F7-4668-BE54-9A1E7A4F7556}") = "VHDL.Parser", "vhdlParser\VHDL.Parser.csproj", "{0E05F25D-C6EA-4D29-A263-51BAB25B7A3C}"
EndProject
Global
	GlobalSection(SolutionConfigurationPlatforms) = preSolution
		Debug|Any CPU = Debug|Any CPU
		Release|Any CPU = Release|Any CPU
	EndGlobalSection
	GlobalSection(ProjectConfigurationPlatforms) = postSolution
		{FC2A2247-2C15-48DD-82A1-6C1FBFB8EBD2}.Debug|Any CPU.ActiveCfg = Debug|Any CPU
		{FC2A2247-2C15-48DD-82A1-6C1FBFB8EBD2}.Debug|Any CPU.Build.0 = Debug|Any CPU
		{FC2A2247-2C15-48DD-82A1-6C1FBFB8EBD2}.Release|Any CPU.ActiveCfg = Release|Any CPU
		{FC2A2247-2C15-48DD-82A1-6C1FBFB8EBD2}.Release|Any CPU.Build.0 = Release|Any CPU
		{0E05F25D-C6EA-4D29-A263-51BAB25B7A3C}.Debug|Any CPU.ActiveCfg = Debug|Any CPU
		{0E05F25D-C6EA-4D29-A263-51BAB25B7A3C}.Debug|Any CPU.Build.0 = Debug|Any CPU
		{0E05F25D-C6EA-4D29-A263-51BAB25B7A3C}.Release|Any CPU.ActiveCfg = Release|Any CPU
		{0E05F25D-C6EA-4D29-A263-51BAB25B7A3C}.Release|Any CPU.Build.0 = Release|Any CPU
	EndGlobalSection
	GlobalSection(SolutionProperties) = preSolution
		HideSolutionNode = FALSE
	EndGlobalSection
	GlobalSection(ExtensibilityGlobals) = postSolution
		SolutionGuid = {5C0F9D95-94D9-4631-82C5-552D0E1C7E1B}
	EndGlobalSection
EndGlobal
